
Microsoft Visual Studio Solution File, Format Version 12.00
# Visual Studio Version 17
VisualStudioVersion = 17.2.32616.157
MinimumVisualStudioVersion = 10.0.40219.1
Project("{9A19103F-16F7-4668-BE54-9A1E7A4F7556}") = "BTL_NguyenVanTruong_", "BTL_NguyenVanTruong_\BTL_NguyenVanTruong_.csproj", "{30F809BD-30F6-4AA5-89AA-279C27DDEF95}"
EndProject
Project("{FAE04EC0-301F-11D3-BF4B-00C04F79EFBC}") = "API_Users", "API_Users\API_Users.csproj", "{0BA9DD87-5859-442E-A720-37C7CFD9B314}"
EndProject
Global
	GlobalSection(SolutionConfigurationPlatforms) = preSolution
		Debug|Any CPU = Debug|Any CPU
		Release|Any CPU = Release|Any CPU
	EndGlobalSection
	GlobalSection(ProjectConfigurationPlatforms) = postSolution
		{30F809BD-30F6-4AA5-89AA-279C27DDEF95}.Debug|Any CPU.ActiveCfg = Debug|Any CPU
		{30F809BD-30F6-4AA5-89AA-279C27DDEF95}.Debug|Any CPU.Build.0 = Debug|Any CPU
		{30F809BD-30F6-4AA5-89AA-279C27DDEF95}.Release|Any CPU.ActiveCfg = Release|Any CPU
		{30F809BD-30F6-4AA5-89AA-279C27DDEF95}.Release|Any CPU.Build.0 = Release|Any CPU
		{0BA9DD87-5859-442E-A720-37C7CFD9B314}.Debug|Any CPU.ActiveCfg = Debug|Any CPU
		{0BA9DD87-5859-442E-A720-37C7CFD9B314}.Debug|Any CPU.Build.0 = Debug|Any CPU
		{0BA9DD87-5859-442E-A720-37C7CFD9B314}.Release|Any CPU.ActiveCfg = Release|Any CPU
		{0BA9DD87-5859-442E-A720-37C7CFD9B314}.Release|Any CPU.Build.0 = Release|Any CPU
	EndGlobalSection
	GlobalSection(SolutionProperties) = preSolution
		HideSolutionNode = FALSE
	EndGlobalSection
	GlobalSection(ExtensibilityGlobals) = postSolution
		SolutionGuid = {1C9FAEE2-FF2B-480D-869C-32EFE30F7619}
	EndGlobalSection
EndGlobal
